
Microsoft Visual Studio Solution File, Format Version 12.00
# Visual Studio Version 16
VisualStudioVersion = 16.0.31129.286
MinimumVisualStudioVersion = 10.0.40219.1
Project("{FAE04EC0-301F-11D3-BF4B-00C04F79EFBC}") = "BityBank.Agencia", "BityBank.Agencia\BityBank.Agencia.csproj", "{A28012BF-2B25-43EB-B04D-21A6E10CE186}"
EndProject
Global
	GlobalSection(SolutionConfigurationPlatforms) = preSolution
		Debug|Any CPU = Debug|Any CPU
		Release|Any CPU = Release|Any CPU
	EndGlobalSection
	GlobalSection(ProjectConfigurationPlatforms) = postSolution
		{A28012BF-2B25-43EB-B04D-21A6E10CE186}.Debug|Any CPU.ActiveCfg = Debug|Any CPU
		{A28012BF-2B25-43EB-B04D-21A6E10CE186}.Debug|Any CPU.Build.0 = Debug|Any CPU
		{A28012BF-2B25-43EB-B04D-21A6E10CE186}.Release|Any CPU.ActiveCfg = Release|Any CPU
		{A28012BF-2B25-43EB-B04D-21A6E10CE186}.Release|Any CPU.Build.0 = Release|Any CPU
	EndGlobalSection
	GlobalSection(SolutionProperties) = preSolution
		HideSolutionNode = FALSE
	EndGlobalSection
	GlobalSection(ExtensibilityGlobals) = postSolution
		SolutionGuid = {A3C8C06A-7649-4334-8054-8A8CAA6F13D3}
	EndGlobalSection
EndGlobal
