
Microsoft Visual Studio Solution File, Format Version 12.00
# Visual Studio Version 17
VisualStudioVersion = 17.0.32112.339
MinimumVisualStudioVersion = 10.0.40219.1
Project("{FAE04EC0-301F-11D3-BF4B-00C04F79EFBC}") = "String.Url", "String.Url\String.Url.csproj", "{57C05E2B-EB09-455B-994D-590F14BCF15A}"
EndProject
Global
	GlobalSection(SolutionConfigurationPlatforms) = preSolution
		Debug|Any CPU = Debug|Any CPU
		Release|Any CPU = Release|Any CPU
	EndGlobalSection
	GlobalSection(ProjectConfigurationPlatforms) = postSolution
		{57C05E2B-EB09-455B-994D-590F14BCF15A}.Debug|Any CPU.ActiveCfg = Debug|Any CPU
		{57C05E2B-EB09-455B-994D-590F14BCF15A}.Debug|Any CPU.Build.0 = Debug|Any CPU
		{57C05E2B-EB09-455B-994D-590F14BCF15A}.Release|Any CPU.ActiveCfg = Release|Any CPU
		{57C05E2B-EB09-455B-994D-590F14BCF15A}.Release|Any CPU.Build.0 = Release|Any CPU
	EndGlobalSection
	GlobalSection(SolutionProperties) = preSolution
		HideSolutionNode = FALSE
	EndGlobalSection
	GlobalSection(ExtensibilityGlobals) = postSolution
		SolutionGuid = {7241FE0B-D557-4671-B6DB-4F56F147ED44}
	EndGlobalSection
EndGlobal
