
Microsoft Visual Studio Solution File, Format Version 12.00
# Visual Studio Version 16
VisualStudioVersion = 16.0.31624.102
MinimumVisualStudioVersion = 10.0.40219.1
Project("{9A19103F-16F7-4668-BE54-9A1E7A4F7556}") = "SortedDictionary", "Collections2\SortedDictionary.csproj", "{BBA3DFAC-B491-427F-AD75-376C02CB2ADD}"
EndProject
Project("{9A19103F-16F7-4668-BE54-9A1E7A4F7556}") = "SortedList", "ListasLigadas\SortedList.csproj", "{F938C752-BCBE-42AA-A823-5A835ED5AEFB}"
EndProject
Project("{9A19103F-16F7-4668-BE54-9A1E7A4F7556}") = "SortedSet", "SortedSet\SortedSet.csproj", "{46B159B4-F87C-4160-ABDA-9B13B0D47CC8}"
EndProject
Project("{9A19103F-16F7-4668-BE54-9A1E7A4F7556}") = "ArraysMultidimensionais", "ArraysMultidimensionais\ArraysMultidimensionais.csproj", "{E0B7A03E-720D-4576-899B-29D9058E21CC}"
EndProject
Project("{9A19103F-16F7-4668-BE54-9A1E7A4F7556}") = "JaggedArrays", "JaggedArrays\JaggedArrays.csproj", "{9C4B0925-6C1B-4E1F-AEB3-4DBA660B636D}"
EndProject
Project("{9A19103F-16F7-4668-BE54-9A1E7A4F7556}") = "ConsultandoCollections", "ConsultandoCollections\ConsultandoCollections.csproj", "{D19E75EB-139E-4373-873E-D448E4279A78}"
EndProject
Project("{9A19103F-16F7-4668-BE54-9A1E7A4F7556}") = "ConsultasSequenciasDeElementos", "ConsultasSequenciasDeElementos\ConsultasSequenciasDeElementos.csproj", "{86090C1F-967F-46A5-80F0-A7F7BD7FD2AF}"
EndProject
Project("{FAE04EC0-301F-11D3-BF4B-00C04F79EFBC}") = "ConversoesDeCollections", "ConversoesDeCollectios\ConversoesDeCollections.csproj", "{5EB80AA3-C79A-43E7-8D3F-FBA6BECBDD30}"
EndProject
Global
	GlobalSection(SolutionConfigurationPlatforms) = preSolution
		Debug|Any CPU = Debug|Any CPU
		Release|Any CPU = Release|Any CPU
	EndGlobalSection
	GlobalSection(ProjectConfigurationPlatforms) = postSolution
		{BBA3DFAC-B491-427F-AD75-376C02CB2ADD}.Debug|Any CPU.ActiveCfg = Debug|Any CPU
		{BBA3DFAC-B491-427F-AD75-376C02CB2ADD}.Debug|Any CPU.Build.0 = Debug|Any CPU
		{BBA3DFAC-B491-427F-AD75-376C02CB2ADD}.Release|Any CPU.ActiveCfg = Release|Any CPU
		{BBA3DFAC-B491-427F-AD75-376C02CB2ADD}.Release|Any CPU.Build.0 = Release|Any CPU
		{F938C752-BCBE-42AA-A823-5A835ED5AEFB}.Debug|Any CPU.ActiveCfg = Debug|Any CPU
		{F938C752-BCBE-42AA-A823-5A835ED5AEFB}.Debug|Any CPU.Build.0 = Debug|Any CPU
		{F938C752-BCBE-42AA-A823-5A835ED5AEFB}.Release|Any CPU.ActiveCfg = Release|Any CPU
		{F938C752-BCBE-42AA-A823-5A835ED5AEFB}.Release|Any CPU.Build.0 = Release|Any CPU
		{46B159B4-F87C-4160-ABDA-9B13B0D47CC8}.Debug|Any CPU.ActiveCfg = Debug|Any CPU
		{46B159B4-F87C-4160-ABDA-9B13B0D47CC8}.Debug|Any CPU.Build.0 = Debug|Any CPU
		{46B159B4-F87C-4160-ABDA-9B13B0D47CC8}.Release|Any CPU.ActiveCfg = Release|Any CPU
		{46B159B4-F87C-4160-ABDA-9B13B0D47CC8}.Release|Any CPU.Build.0 = Release|Any CPU
		{E0B7A03E-720D-4576-899B-29D9058E21CC}.Debug|Any CPU.ActiveCfg = Debug|Any CPU
		{E0B7A03E-720D-4576-899B-29D9058E21CC}.Debug|Any CPU.Build.0 = Debug|Any CPU
		{E0B7A03E-720D-4576-899B-29D9058E21CC}.Release|Any CPU.ActiveCfg = Release|Any CPU
		{E0B7A03E-720D-4576-899B-29D9058E21CC}.Release|Any CPU.Build.0 = Release|Any CPU
		{9C4B0925-6C1B-4E1F-AEB3-4DBA660B636D}.Debug|Any CPU.ActiveCfg = Debug|Any CPU
		{9C4B0925-6C1B-4E1F-AEB3-4DBA660B636D}.Debug|Any CPU.Build.0 = Debug|Any CPU
		{9C4B0925-6C1B-4E1F-AEB3-4DBA660B636D}.Release|Any CPU.ActiveCfg = Release|Any CPU
		{9C4B0925-6C1B-4E1F-AEB3-4DBA660B636D}.Release|Any CPU.Build.0 = Release|Any CPU
		{D19E75EB-139E-4373-873E-D448E4279A78}.Debug|Any CPU.ActiveCfg = Debug|Any CPU
		{D19E75EB-139E-4373-873E-D448E4279A78}.Debug|Any CPU.Build.0 = Debug|Any CPU
		{D19E75EB-139E-4373-873E-D448E4279A78}.Release|Any CPU.ActiveCfg = Release|Any CPU
		{D19E75EB-139E-4373-873E-D448E4279A78}.Release|Any CPU.Build.0 = Release|Any CPU
		{86090C1F-967F-46A5-80F0-A7F7BD7FD2AF}.Debug|Any CPU.ActiveCfg = Debug|Any CPU
		{86090C1F-967F-46A5-80F0-A7F7BD7FD2AF}.Debug|Any CPU.Build.0 = Debug|Any CPU
		{86090C1F-967F-46A5-80F0-A7F7BD7FD2AF}.Release|Any CPU.ActiveCfg = Release|Any CPU
		{86090C1F-967F-46A5-80F0-A7F7BD7FD2AF}.Release|Any CPU.Build.0 = Release|Any CPU
		{5EB80AA3-C79A-43E7-8D3F-FBA6BECBDD30}.Debug|Any CPU.ActiveCfg = Debug|Any CPU
		{5EB80AA3-C79A-43E7-8D3F-FBA6BECBDD30}.Debug|Any CPU.Build.0 = Debug|Any CPU
		{5EB80AA3-C79A-43E7-8D3F-FBA6BECBDD30}.Release|Any CPU.ActiveCfg = Release|Any CPU
		{5EB80AA3-C79A-43E7-8D3F-FBA6BECBDD30}.Release|Any CPU.Build.0 = Release|Any CPU
	EndGlobalSection
	GlobalSection(SolutionProperties) = preSolution
		HideSolutionNode = FALSE
	EndGlobalSection
	GlobalSection(ExtensibilityGlobals) = postSolution
		SolutionGuid = {EFDA02B5-DA50-4E73-B4EC-8848C91790C4}
	EndGlobalSection
EndGlobal
